
Microsoft Visual Studio Solution File, Format Version 12.00
# Visual Studio Version 16
VisualStudioVersion = 16.0.30225.117
MinimumVisualStudioVersion = 10.0.40219.1
Project("{8BC9CEB8-8B4A-11D0-8D11-00A0C91BC942}") = "lab7", "lab7\lab7.vcxproj", "{6F9AC38C-4C8F-47DE-A2AC-BDF078F560EB}"
EndProject
Project("{8BC9CEB8-8B4A-11D0-8D11-00A0C91BC942}") = "lab9", "lab9\lab9.vcxproj", "{8A80139F-47E2-4351-B944-B14081C7EBC0}"
EndProject
Project("{8BC9CEB8-8B4A-11D0-8D11-00A0C91BC942}") = "lab8", "lab8\lab8.vcxproj", "{54B40C20-0CDE-4AE9-8E2C-E498047FB277}"
EndProject
Project("{8BC9CEB8-8B4A-11D0-8D11-00A0C91BC942}") = "lab5", "lab5\lab5.vcxproj", "{1FF5350B-4B46-4E73-8DB7-08DEBFA08140}"
EndProject
Project("{8BC9CEB8-8B4A-11D0-8D11-00A0C91BC942}") = "lab6", "lab6\lab6.vcxproj", "{ADAB38CC-E259-4161-BDF9-C7A24F444DAC}"
EndProject
Project("{8BC9CEB8-8B4A-11D0-8D11-00A0C91BC942}") = "kp", "kp\kp.vcxproj", "{861EBD8C-2759-4579-A1E9-BBE4AD632AA3}"
EndProject
Global
	GlobalSection(SolutionConfigurationPlatforms) = preSolution
		CPU|x64 = CPU|x64
		CPU|x86 = CPU|x86
		Debug|x64 = Debug|x64
		Debug|x86 = Debug|x86
		GPU|x64 = GPU|x64
		GPU|x86 = GPU|x86
		Release|x64 = Release|x64
		Release|x86 = Release|x86
		Test|x64 = Test|x64
		Test|x86 = Test|x86
	EndGlobalSection
	GlobalSection(ProjectConfigurationPlatforms) = postSolution
		{6F9AC38C-4C8F-47DE-A2AC-BDF078F560EB}.CPU|x64.ActiveCfg = Release|x64
		{6F9AC38C-4C8F-47DE-A2AC-BDF078F560EB}.CPU|x64.Build.0 = Release|x64
		{6F9AC38C-4C8F-47DE-A2AC-BDF078F560EB}.CPU|x86.ActiveCfg = Release|Win32
		{6F9AC38C-4C8F-47DE-A2AC-BDF078F560EB}.CPU|x86.Build.0 = Release|Win32
		{6F9AC38C-4C8F-47DE-A2AC-BDF078F560EB}.Debug|x64.ActiveCfg = Debug|x64
		{6F9AC38C-4C8F-47DE-A2AC-BDF078F560EB}.Debug|x64.Build.0 = Debug|x64
		{6F9AC38C-4C8F-47DE-A2AC-BDF078F560EB}.Debug|x86.ActiveCfg = Debug|Win32
		{6F9AC38C-4C8F-47DE-A2AC-BDF078F560EB}.Debug|x86.Build.0 = Debug|Win32
		{6F9AC38C-4C8F-47DE-A2AC-BDF078F560EB}.GPU|x64.ActiveCfg = Release|x64
		{6F9AC38C-4C8F-47DE-A2AC-BDF078F560EB}.GPU|x64.Build.0 = Release|x64
		{6F9AC38C-4C8F-47DE-A2AC-BDF078F560EB}.GPU|x86.ActiveCfg = Release|Win32
		{6F9AC38C-4C8F-47DE-A2AC-BDF078F560EB}.GPU|x86.Build.0 = Release|Win32
		{6F9AC38C-4C8F-47DE-A2AC-BDF078F560EB}.Release|x64.ActiveCfg = Release|x64
		{6F9AC38C-4C8F-47DE-A2AC-BDF078F560EB}.Release|x64.Build.0 = Release|x64
		{6F9AC38C-4C8F-47DE-A2AC-BDF078F560EB}.Release|x86.ActiveCfg = Release|Win32
		{6F9AC38C-4C8F-47DE-A2AC-BDF078F560EB}.Release|x86.Build.0 = Release|Win32
		{6F9AC38C-4C8F-47DE-A2AC-BDF078F560EB}.Test|x64.ActiveCfg = Release|x64
		{6F9AC38C-4C8F-47DE-A2AC-BDF078F560EB}.Test|x64.Build.0 = Release|x64
		{6F9AC38C-4C8F-47DE-A2AC-BDF078F560EB}.Test|x86.ActiveCfg = Release|Win32
		{6F9AC38C-4C8F-47DE-A2AC-BDF078F560EB}.Test|x86.Build.0 = Release|Win32
		{8A80139F-47E2-4351-B944-B14081C7EBC0}.CPU|x64.ActiveCfg = Release|x64
		{8A80139F-47E2-4351-B944-B14081C7EBC0}.CPU|x64.Build.0 = Release|x64
		{8A80139F-47E2-4351-B944-B14081C7EBC0}.CPU|x86.ActiveCfg = Release|Win32
		{8A80139F-47E2-4351-B944-B14081C7EBC0}.CPU|x86.Build.0 = Release|Win32
		{8A80139F-47E2-4351-B944-B14081C7EBC0}.Debug|x64.ActiveCfg = Debug|x64
		{8A80139F-47E2-4351-B944-B14081C7EBC0}.Debug|x64.Build.0 = Debug|x64
		{8A80139F-47E2-4351-B944-B14081C7EBC0}.Debug|x86.ActiveCfg = Debug|Win32
		{8A80139F-47E2-4351-B944-B14081C7EBC0}.Debug|x86.Build.0 = Debug|Win32
		{8A80139F-47E2-4351-B944-B14081C7EBC0}.GPU|x64.ActiveCfg = Release|x64
		{8A80139F-47E2-4351-B944-B14081C7EBC0}.GPU|x64.Build.0 = Release|x64
		{8A80139F-47E2-4351-B944-B14081C7EBC0}.GPU|x86.ActiveCfg = Release|Win32
		{8A80139F-47E2-4351-B944-B14081C7EBC0}.GPU|x86.Build.0 = Release|Win32
		{8A80139F-47E2-4351-B944-B14081C7EBC0}.Release|x64.ActiveCfg = Release|x64
		{8A80139F-47E2-4351-B944-B14081C7EBC0}.Release|x64.Build.0 = Release|x64
		{8A80139F-47E2-4351-B944-B14081C7EBC0}.Release|x86.ActiveCfg = Release|Win32
		{8A80139F-47E2-4351-B944-B14081C7EBC0}.Release|x86.Build.0 = Release|Win32
		{8A80139F-47E2-4351-B944-B14081C7EBC0}.Test|x64.ActiveCfg = Release|x64
		{8A80139F-47E2-4351-B944-B14081C7EBC0}.Test|x64.Build.0 = Release|x64
		{8A80139F-47E2-4351-B944-B14081C7EBC0}.Test|x86.ActiveCfg = Release|Win32
		{8A80139F-47E2-4351-B944-B14081C7EBC0}.Test|x86.Build.0 = Release|Win32
		{54B40C20-0CDE-4AE9-8E2C-E498047FB277}.CPU|x64.ActiveCfg = CPU|x64
		{54B40C20-0CDE-4AE9-8E2C-E498047FB277}.CPU|x64.Build.0 = CPU|x64
		{54B40C20-0CDE-4AE9-8E2C-E498047FB277}.CPU|x86.ActiveCfg = CPU|x64
		{54B40C20-0CDE-4AE9-8E2C-E498047FB277}.Debug|x64.ActiveCfg = Test|x64
		{54B40C20-0CDE-4AE9-8E2C-E498047FB277}.Debug|x64.Build.0 = Test|x64
		{54B40C20-0CDE-4AE9-8E2C-E498047FB277}.Debug|x86.ActiveCfg = Test|x64
		{54B40C20-0CDE-4AE9-8E2C-E498047FB277}.Debug|x86.Build.0 = Test|x64
		{54B40C20-0CDE-4AE9-8E2C-E498047FB277}.GPU|x64.ActiveCfg = GPU|x64
		{54B40C20-0CDE-4AE9-8E2C-E498047FB277}.GPU|x64.Build.0 = GPU|x64
		{54B40C20-0CDE-4AE9-8E2C-E498047FB277}.GPU|x86.ActiveCfg = GPU|x64
		{54B40C20-0CDE-4AE9-8E2C-E498047FB277}.Release|x64.ActiveCfg = Test|x64
		{54B40C20-0CDE-4AE9-8E2C-E498047FB277}.Release|x64.Build.0 = Test|x64
		{54B40C20-0CDE-4AE9-8E2C-E498047FB277}.Release|x86.ActiveCfg = Test|x64
		{54B40C20-0CDE-4AE9-8E2C-E498047FB277}.Release|x86.Build.0 = Test|x64
		{54B40C20-0CDE-4AE9-8E2C-E498047FB277}.Test|x64.ActiveCfg = Test|x64
		{54B40C20-0CDE-4AE9-8E2C-E498047FB277}.Test|x64.Build.0 = Test|x64
		{54B40C20-0CDE-4AE9-8E2C-E498047FB277}.Test|x86.ActiveCfg = Test|x64
		{1FF5350B-4B46-4E73-8DB7-08DEBFA08140}.CPU|x64.ActiveCfg = CPU|x64
		{1FF5350B-4B46-4E73-8DB7-08DEBFA08140}.CPU|x64.Build.0 = CPU|x64
		{1FF5350B-4B46-4E73-8DB7-08DEBFA08140}.CPU|x86.ActiveCfg = CPU|x64
		{1FF5350B-4B46-4E73-8DB7-08DEBFA08140}.Debug|x64.ActiveCfg = Test|x64
		{1FF5350B-4B46-4E73-8DB7-08DEBFA08140}.Debug|x64.Build.0 = Test|x64
		{1FF5350B-4B46-4E73-8DB7-08DEBFA08140}.Debug|x86.ActiveCfg = Test|x64
		{1FF5350B-4B46-4E73-8DB7-08DEBFA08140}.Debug|x86.Build.0 = Test|x64
		{1FF5350B-4B46-4E73-8DB7-08DEBFA08140}.GPU|x64.ActiveCfg = GPU|x64
		{1FF5350B-4B46-4E73-8DB7-08DEBFA08140}.GPU|x64.Build.0 = GPU|x64
		{1FF5350B-4B46-4E73-8DB7-08DEBFA08140}.GPU|x86.ActiveCfg = GPU|x64
		{1FF5350B-4B46-4E73-8DB7-08DEBFA08140}.Release|x64.ActiveCfg = Test|x64
		{1FF5350B-4B46-4E73-8DB7-08DEBFA08140}.Release|x64.Build.0 = Test|x64
		{1FF5350B-4B46-4E73-8DB7-08DEBFA08140}.Release|x86.ActiveCfg = Test|x64
		{1FF5350B-4B46-4E73-8DB7-08DEBFA08140}.Release|x86.Build.0 = Test|x64
		{1FF5350B-4B46-4E73-8DB7-08DEBFA08140}.Test|x64.ActiveCfg = Test|x64
		{1FF5350B-4B46-4E73-8DB7-08DEBFA08140}.Test|x64.Build.0 = Test|x64
		{1FF5350B-4B46-4E73-8DB7-08DEBFA08140}.Test|x86.ActiveCfg = Test|x64
		{ADAB38CC-E259-4161-BDF9-C7A24F444DAC}.CPU|x64.ActiveCfg = CPU|x64
		{ADAB38CC-E259-4161-BDF9-C7A24F444DAC}.CPU|x64.Build.0 = CPU|x64
		{ADAB38CC-E259-4161-BDF9-C7A24F444DAC}.CPU|x86.ActiveCfg = CPU|x64
		{ADAB38CC-E259-4161-BDF9-C7A24F444DAC}.Debug|x64.ActiveCfg = Test|x64
		{ADAB38CC-E259-4161-BDF9-C7A24F444DAC}.Debug|x64.Build.0 = Test|x64
		{ADAB38CC-E259-4161-BDF9-C7A24F444DAC}.Debug|x86.ActiveCfg = Test|x64
		{ADAB38CC-E259-4161-BDF9-C7A24F444DAC}.Debug|x86.Build.0 = Test|x64
		{ADAB38CC-E259-4161-BDF9-C7A24F444DAC}.GPU|x64.ActiveCfg = GPU|x64
		{ADAB38CC-E259-4161-BDF9-C7A24F444DAC}.GPU|x64.Build.0 = GPU|x64
		{ADAB38CC-E259-4161-BDF9-C7A24F444DAC}.GPU|x86.ActiveCfg = GPU|x64
		{ADAB38CC-E259-4161-BDF9-C7A24F444DAC}.Release|x64.ActiveCfg = Test|x64
		{ADAB38CC-E259-4161-BDF9-C7A24F444DAC}.Release|x64.Build.0 = Test|x64
		{ADAB38CC-E259-4161-BDF9-C7A24F444DAC}.Release|x86.ActiveCfg = Test|x64
		{ADAB38CC-E259-4161-BDF9-C7A24F444DAC}.Release|x86.Build.0 = Test|x64
		{ADAB38CC-E259-4161-BDF9-C7A24F444DAC}.Test|x64.ActiveCfg = Test|x64
		{ADAB38CC-E259-4161-BDF9-C7A24F444DAC}.Test|x64.Build.0 = Test|x64
		{ADAB38CC-E259-4161-BDF9-C7A24F444DAC}.Test|x86.ActiveCfg = Test|x64
		{861EBD8C-2759-4579-A1E9-BBE4AD632AA3}.CPU|x64.ActiveCfg = CPU|x64
		{861EBD8C-2759-4579-A1E9-BBE4AD632AA3}.CPU|x64.Build.0 = CPU|x64
		{861EBD8C-2759-4579-A1E9-BBE4AD632AA3}.CPU|x86.ActiveCfg = CPU|x64
		{861EBD8C-2759-4579-A1E9-BBE4AD632AA3}.Debug|x64.ActiveCfg = Test|x64
		{861EBD8C-2759-4579-A1E9-BBE4AD632AA3}.Debug|x64.Build.0 = Test|x64
		{861EBD8C-2759-4579-A1E9-BBE4AD632AA3}.Debug|x86.ActiveCfg = Test|x64
		{861EBD8C-2759-4579-A1E9-BBE4AD632AA3}.Debug|x86.Build.0 = Test|x64
		{861EBD8C-2759-4579-A1E9-BBE4AD632AA3}.GPU|x64.ActiveCfg = GPU|x64
		{861EBD8C-2759-4579-A1E9-BBE4AD632AA3}.GPU|x64.Build.0 = GPU|x64
		{861EBD8C-2759-4579-A1E9-BBE4AD632AA3}.GPU|x86.ActiveCfg = GPU|x64
		{861EBD8C-2759-4579-A1E9-BBE4AD632AA3}.Release|x64.ActiveCfg = Test|x64
		{861EBD8C-2759-4579-A1E9-BBE4AD632AA3}.Release|x64.Build.0 = Test|x64
		{861EBD8C-2759-4579-A1E9-BBE4AD632AA3}.Release|x86.ActiveCfg = Test|x64
		{861EBD8C-2759-4579-A1E9-BBE4AD632AA3}.Release|x86.Build.0 = Test|x64
		{861EBD8C-2759-4579-A1E9-BBE4AD632AA3}.Test|x64.ActiveCfg = Test|x64
		{861EBD8C-2759-4579-A1E9-BBE4AD632AA3}.Test|x64.Build.0 = Test|x64
		{861EBD8C-2759-4579-A1E9-BBE4AD632AA3}.Test|x86.ActiveCfg = Test|x64
	EndGlobalSection
	GlobalSection(SolutionProperties) = preSolution
		HideSolutionNode = FALSE
	EndGlobalSection
	GlobalSection(ExtensibilityGlobals) = postSolution
		SolutionGuid = {7E490C0F-E82D-4F1D-BF49-8C9B77CFB1E7}
	EndGlobalSection
EndGlobal
