
Microsoft Visual Studio Solution File, Format Version 12.00
# Visual Studio Version 16
VisualStudioVersion = 16.0.30225.117
MinimumVisualStudioVersion = 10.0.40219.1
Project("{8BC9CEB8-8B4A-11D0-8D11-00A0C91BC942}") = "lab1", "lab1\lab1.vcxproj", "{E45AE63E-DC3A-4116-8A0D-7D2971C88E41}"
EndProject
Project("{8BC9CEB8-8B4A-11D0-8D11-00A0C91BC942}") = "lab2", "lab2\lab2.vcxproj", "{7195318A-86AE-48EE-A676-9131879DAC85}"
EndProject
Project("{8BC9CEB8-8B4A-11D0-8D11-00A0C91BC942}") = "lab3", "lab3\lab3.vcxproj", "{887C4702-6819-40BB-A679-1D01E332E15F}"
EndProject
Project("{8BC9CEB8-8B4A-11D0-8D11-00A0C91BC942}") = "lab4", "lab4\lab4.vcxproj", "{54B40C20-0CDE-4AE9-8E2C-E498047FB277}"
EndProject
Global
	GlobalSection(SolutionConfigurationPlatforms) = preSolution
		CPU|x64 = CPU|x64
		GPU|x64 = GPU|x64
		Test|x64 = Test|x64
	EndGlobalSection
	GlobalSection(ProjectConfigurationPlatforms) = postSolution
		{E45AE63E-DC3A-4116-8A0D-7D2971C88E41}.CPU|x64.ActiveCfg = CPU|x64
		{E45AE63E-DC3A-4116-8A0D-7D2971C88E41}.CPU|x64.Build.0 = CPU|x64
		{E45AE63E-DC3A-4116-8A0D-7D2971C88E41}.GPU|x64.ActiveCfg = GPU|x64
		{E45AE63E-DC3A-4116-8A0D-7D2971C88E41}.GPU|x64.Build.0 = GPU|x64
		{E45AE63E-DC3A-4116-8A0D-7D2971C88E41}.Test|x64.ActiveCfg = Test|x64
		{E45AE63E-DC3A-4116-8A0D-7D2971C88E41}.Test|x64.Build.0 = Test|x64
		{7195318A-86AE-48EE-A676-9131879DAC85}.CPU|x64.ActiveCfg = CPU|x64
		{7195318A-86AE-48EE-A676-9131879DAC85}.CPU|x64.Build.0 = CPU|x64
		{7195318A-86AE-48EE-A676-9131879DAC85}.GPU|x64.ActiveCfg = GPU|x64
		{7195318A-86AE-48EE-A676-9131879DAC85}.GPU|x64.Build.0 = GPU|x64
		{7195318A-86AE-48EE-A676-9131879DAC85}.Test|x64.ActiveCfg = Test|x64
		{7195318A-86AE-48EE-A676-9131879DAC85}.Test|x64.Build.0 = Test|x64
		{887C4702-6819-40BB-A679-1D01E332E15F}.CPU|x64.ActiveCfg = CPU|x64
		{887C4702-6819-40BB-A679-1D01E332E15F}.CPU|x64.Build.0 = CPU|x64
		{887C4702-6819-40BB-A679-1D01E332E15F}.GPU|x64.ActiveCfg = GPU|x64
		{887C4702-6819-40BB-A679-1D01E332E15F}.GPU|x64.Build.0 = GPU|x64
		{887C4702-6819-40BB-A679-1D01E332E15F}.Test|x64.ActiveCfg = Test|x64
		{887C4702-6819-40BB-A679-1D01E332E15F}.Test|x64.Build.0 = Test|x64
		{54B40C20-0CDE-4AE9-8E2C-E498047FB277}.CPU|x64.ActiveCfg = CPU|x64
		{54B40C20-0CDE-4AE9-8E2C-E498047FB277}.CPU|x64.Build.0 = CPU|x64
		{54B40C20-0CDE-4AE9-8E2C-E498047FB277}.GPU|x64.ActiveCfg = GPU|x64
		{54B40C20-0CDE-4AE9-8E2C-E498047FB277}.GPU|x64.Build.0 = GPU|x64
		{54B40C20-0CDE-4AE9-8E2C-E498047FB277}.Test|x64.ActiveCfg = Test|x64
		{54B40C20-0CDE-4AE9-8E2C-E498047FB277}.Test|x64.Build.0 = Test|x64
	EndGlobalSection
	GlobalSection(SolutionProperties) = preSolution
		HideSolutionNode = FALSE
	EndGlobalSection
	GlobalSection(ExtensibilityGlobals) = postSolution
		SolutionGuid = {557A2BD0-9B74-427B-991B-E8794B18F041}
	EndGlobalSection
EndGlobal
